
Microsoft Visual Studio Solution File, Format Version 12.00
# Visual Studio Version 17
VisualStudioVersion = 17.9.34728.123
MinimumVisualStudioVersion = 10.0.40219.1
Project("{FAE04EC0-301F-11D3-BF4B-00C04F79EFBC}") = "assignment3.31", "assignment3.31.csproj", "{5E846AE2-8053-45A0-8D61-EBB1A3E1DE5D}"
EndProject
Global
	GlobalSection(SolutionConfigurationPlatforms) = preSolution
		Debug|Any CPU = Debug|Any CPU
		Release|Any CPU = Release|Any CPU
	EndGlobalSection
	GlobalSection(ProjectConfigurationPlatforms) = postSolution
		{5E846AE2-8053-45A0-8D61-EBB1A3E1DE5D}.Debug|Any CPU.ActiveCfg = Debug|Any CPU
		{5E846AE2-8053-45A0-8D61-EBB1A3E1DE5D}.Debug|Any CPU.Build.0 = Debug|Any CPU
		{5E846AE2-8053-45A0-8D61-EBB1A3E1DE5D}.Release|Any CPU.ActiveCfg = Release|Any CPU
		{5E846AE2-8053-45A0-8D61-EBB1A3E1DE5D}.Release|Any CPU.Build.0 = Release|Any CPU
	EndGlobalSection
	GlobalSection(SolutionProperties) = preSolution
		HideSolutionNode = FALSE
	EndGlobalSection
	GlobalSection(ExtensibilityGlobals) = postSolution
		SolutionGuid = {8F4FCE16-D6EA-4106-876B-6CC73982978D}
	EndGlobalSection
EndGlobal
